<?xml version="1.0" encoding="utf-8"?>
<Project ToolsVersion="4.0" xmlns="http://schemas.microsoft.com/developer/msbuild/2003">
  <ItemGroup>
    <Filter Include="Source Files">
      <UniqueIdentifier>{4FC737F1-C7A5-4376-A066-2A32D752A2FF}</UniqueIdentifier>
      <Extensions>cpp;c;cc;cxx;def;odl;idl;hpj;bat;asm;asmx</Extensions>
    </Filter>
    <Filter Include="Header Files">
      <UniqueIdentifier>{93995380-89BD-4b04-88EB-625FBE52EBFB}</UniqueIdentifier>
      <Extensions>h;hh;hpp;hxx;hm;inl;inc;ipp;xsd</Extensions>
    </Filter>
    <Filter Include="Resource Files">
      <UniqueIdentifier>{67DA6AB6-F800-4c08-8B7A-83BB121AAD01}</UniqueIdentifier>
      <Extensions>rc;ico;cur;bmp;dlg;rc2;rct;bin;rgs;gif;jpg;jpeg;jpe;resx;tiff;tif;png;wav;mfcribbon-ms</Extensions>
    </Filter>
    <Filter Include="Source Files\AI">
      <UniqueIdentifier>{cd97c5d4-247e-46d1-ba73-1baf566a6956}</UniqueIdentifier>
    </Filter>
    <Filter Include="Source Files\Usables">
      <UniqueIdentifier>{c8013eb8-3ec0-41fe-91e2-d4abca11927a}</UniqueIdentifier>
    </Filter>
    <Filter Include="Resource Files\Names">
      <UniqueIdentifier>{40f135ce-53ae-40d3-ad26-cf6cc518546f}</UniqueIdentifier>
    </Filter>
    <Filter Include="Resource Files\Names\humans">
      <UniqueIdentifier>{8a6e1c90-5922-40c7-85ff-4a5d8e402b73}</UniqueIdentifier>
    </Filter>
    <Filter Include="Resource Files\Names\rooms">
      <UniqueIdentifier>{9433421d-c99a-4612-bcd5-bdae82387db1}</UniqueIdentifier>
    </Filter>
    <Filter Include="Resource Files\Names\weapons">
      <UniqueIdentifier>{13808107-8feb-4456-ad99-c6f93e03db10}</UniqueIdentifier>
    </Filter>
    <Filter Include="Header Files\AI">
      <UniqueIdentifier>{67bab873-6b4d-4d6f-83cf-7a5d0215c977}</UniqueIdentifier>
    </Filter>
    <Filter Include="Header Files\Usables">
      <UniqueIdentifier>{87957efb-1721-4081-808f-53d6c7d16b70}</UniqueIdentifier>
    </Filter>
    <Filter Include="Header Files\Generic">
      <UniqueIdentifier>{3d7df3ce-efd4-4c6f-a5b5-721c5bd344ae}</UniqueIdentifier>
    </Filter>
    <Filter Include="Source Files\Generic">
      <UniqueIdentifier>{ed22f8b6-1619-4bf5-aac8-953254b0c490}</UniqueIdentifier>
    </Filter>
    <Filter Include="Resource Files\Names\Ranks">
      <UniqueIdentifier>{9484b04d-3c37-4be2-9ff6-194dadc2f06e}</UniqueIdentifier>
    </Filter>
    <Filter Include="Header Files\Rooms">
      <UniqueIdentifier>{eaf7c959-0c25-437b-8773-e50bc981ba16}</UniqueIdentifier>
    </Filter>
    <Filter Include="Source Files\Rooms">
      <UniqueIdentifier>{b71cbc3d-7e64-4d09-927c-eebb274979dc}</UniqueIdentifier>
    </Filter>
    <Filter Include="Resource Files\Names\Battles">
      <UniqueIdentifier>{b6b730b2-c38a-42fc-bcbd-f2a393b24ef6}</UniqueIdentifier>
    </Filter>
    <Filter Include="Source Files\Concepts">
      <UniqueIdentifier>{d13a8290-db3a-4b5e-98a0-e2afedaee791}</UniqueIdentifier>
    </Filter>
    <Filter Include="Header Files\Concepts">
      <UniqueIdentifier>{7d0c7625-97c7-48ae-b289-b66467919f6e}</UniqueIdentifier>
    </Filter>
    <Filter Include="Resource Files\Names\Company">
      <UniqueIdentifier>{08ae3b85-b4df-4c52-9422-fbaccdd13563}</UniqueIdentifier>
    </Filter>
    <Filter Include="Header Files\Concepts\Quests">
      <UniqueIdentifier>{692a0d24-c9fa-4b4c-a410-2850b5d242f7}</UniqueIdentifier>
    </Filter>
    <Filter Include="Source Files\Concepts\Quests">
      <UniqueIdentifier>{b134d32f-2f2d-466d-bcd5-2927172f6da9}</UniqueIdentifier>
    </Filter>
    <Filter Include="Source Files\Concepts\Quests\Personal">
      <UniqueIdentifier>{7c4e4450-c8e7-46e0-ab4e-52f4290bf0ca}</UniqueIdentifier>
    </Filter>
    <Filter Include="Source Files\Concepts\Quests\Military">
      <UniqueIdentifier>{2273a96e-c196-47e6-a857-758758343afc}</UniqueIdentifier>
    </Filter>
    <Filter Include="Source Files\Concepts\Quests\Developing">
      <UniqueIdentifier>{0e77755a-d604-4f54-af9f-cce7e69cdbd4}</UniqueIdentifier>
    </Filter>
    <Filter Include="Header Files\Concepts\Quests\Personal">
      <UniqueIdentifier>{d31db42e-0d19-45ba-ae17-cdd6b2190b34}</UniqueIdentifier>
    </Filter>
    <Filter Include="Header Files\Concepts\Quests\Military">
      <UniqueIdentifier>{8ed3d724-2470-427b-8454-0a8e362643d9}</UniqueIdentifier>
    </Filter>
    <Filter Include="Header Files\Concepts\Quests\Developing">
      <UniqueIdentifier>{e6864ea7-05bc-4213-81c0-7aa2f5aa2afe}</UniqueIdentifier>
    </Filter>
    <Filter Include="Header Files\AI\Leader">
      <UniqueIdentifier>{8a287da8-688a-4ff6-8e4e-e402feb8f650}</UniqueIdentifier>
    </Filter>
    <Filter Include="Header Files\AI\Goons">
      <UniqueIdentifier>{46619d36-0fd6-4d35-89a4-f96d8a006128}</UniqueIdentifier>
    </Filter>
    <Filter Include="Header Files\AI\Misc">
      <UniqueIdentifier>{4d14f53d-6bca-4fbe-9872-682d087cb268}</UniqueIdentifier>
    </Filter>
    <Filter Include="Source Files\AI\Leaders">
      <UniqueIdentifier>{c545551a-f552-4b41-8ae7-0fa7e66a6bef}</UniqueIdentifier>
    </Filter>
    <Filter Include="Source Files\AI\Goons">
      <UniqueIdentifier>{c05c7386-edaf-458e-869b-62bc49d95a81}</UniqueIdentifier>
    </Filter>
    <Filter Include="Source Files\AI\Misc">
      <UniqueIdentifier>{88fc1a60-b63d-433d-8d3c-427b3aa79b7a}</UniqueIdentifier>
    </Filter>
  </ItemGroup>
  <ItemGroup>
    <ClInclude Include="Weapon.h">
      <Filter>Header Files\Usables</Filter>
    </ClInclude>
    <ClInclude Include="stdafx.h">
      <Filter>Header Files\Generic</Filter>
    </ClInclude>
    <ClInclude Include="targetver.h">
      <Filter>Header Files\Generic</Filter>
    </ClInclude>
    <ClInclude Include="Room.h">
      <Filter>Header Files\Rooms</Filter>
    </ClInclude>
    <ClInclude Include="Enumerators.h">
      <Filter>Header Files\Generic</Filter>
    </ClInclude>
    <ClInclude Include="NameGenerator.h">
      <Filter>Header Files\Generic</Filter>
    </ClInclude>
    <ClInclude Include="BaseSystem.h">
      <Filter>Header Files\Rooms</Filter>
    </ClInclude>
    <ClInclude Include="Corridor.h">
      <Filter>Header Files\Rooms</Filter>
    </ClInclude>
    <ClInclude Include="Battle.h">
      <Filter>Header Files\Concepts</Filter>
    </ClInclude>
    <ClInclude Include="HiPRoom.h">
      <Filter>Header Files\Rooms</Filter>
    </ClInclude>
    <ClInclude Include="DevelopingQuest.h">
      <Filter>Header Files\Concepts\Quests\Developing</Filter>
    </ClInclude>
    <ClInclude Include="EscortingQuest.h">
      <Filter>Header Files\Concepts\Quests\Developing</Filter>
    </ClInclude>
    <ClInclude Include="GatheringQuest.h">
      <Filter>Header Files\Concepts\Quests\Developing</Filter>
    </ClInclude>
    <ClInclude Include="ExploringQuest.h">
      <Filter>Header Files\Concepts\Quests\Personal</Filter>
    </ClInclude>
    <ClInclude Include="PersonalQuest.h">
      <Filter>Header Files\Concepts\Quests\Personal</Filter>
    </ClInclude>
    <ClInclude Include="RecruitingQuest.h">
      <Filter>Header Files\Concepts\Quests\Personal</Filter>
    </ClInclude>
    <ClInclude Include="HuntingQuest.h">
      <Filter>Header Files\Concepts\Quests\Military</Filter>
    </ClInclude>
    <ClInclude Include="MilitaryQuest.h">
      <Filter>Header Files\Concepts\Quests\Military</Filter>
    </ClInclude>
    <ClInclude Include="SecureQuest.h">
      <Filter>Header Files\Concepts\Quests\Military</Filter>
    </ClInclude>
    <ClInclude Include="Quest.h">
      <Filter>Header Files\Concepts\Quests</Filter>
    </ClInclude>
    <ClInclude Include="MobLeader.h">
      <Filter>Header Files\AI\Leader</Filter>
    </ClInclude>
    <ClInclude Include="SecOfficer.h">
      <Filter>Header Files\AI\Leader</Filter>
    </ClInclude>
    <ClInclude Include="Leader.h">
      <Filter>Header Files\AI\Leader</Filter>
    </ClInclude>
    <ClInclude Include="MobGoon.h">
      <Filter>Header Files\AI\Goons</Filter>
    </ClInclude>
    <ClInclude Include="SecTroop.h">
      <Filter>Header Files\AI\Goons</Filter>
    </ClInclude>
    <ClInclude Include="Squad.h">
      <Filter>Header Files\Concepts</Filter>
    </ClInclude>
    <ClInclude Include="Being.h">
      <Filter>Header Files\AI</Filter>
    </ClInclude>
    <ClInclude Include="Client.h">
      <Filter>Header Files\AI\Misc</Filter>
    </ClInclude>
    <ClInclude Include="BaseSystemHandler.h">
      <Filter>Header Files</Filter>
    </ClInclude>
  </ItemGroup>
  <ItemGroup>
    <ClCompile Include="Being.cpp">
      <Filter>Source Files\AI</Filter>
    </ClCompile>
    <ClCompile Include="stdafx.cpp">
      <Filter>Source Files\Generic</Filter>
    </ClCompile>
    <ClCompile Include="Weapon.cpp">
      <Filter>Source Files\Usables</Filter>
    </ClCompile>
    <ClCompile Include="BaseSystem.cpp">
      <Filter>Source Files\Rooms</Filter>
    </ClCompile>
    <ClCompile Include="Room.cpp">
      <Filter>Source Files\Rooms</Filter>
    </ClCompile>
    <ClCompile Include="NameGenerator.cpp">
      <Filter>Source Files\Generic</Filter>
    </ClCompile>
    <ClCompile Include="ABaDiS.cpp">
      <Filter>Source Files\Generic</Filter>
    </ClCompile>
    <ClCompile Include="Corridor.cpp">
      <Filter>Source Files\Rooms</Filter>
    </ClCompile>
    <ClCompile Include="HiPRoom.cpp">
      <Filter>Source Files\Rooms</Filter>
    </ClCompile>
    <ClCompile Include="Battle.cpp">
      <Filter>Source Files\Concepts</Filter>
    </ClCompile>
    <ClCompile Include="ExploringQuest.cpp">
      <Filter>Source Files\Concepts\Quests\Personal</Filter>
    </ClCompile>
    <ClCompile Include="RecruitingQuest.cpp">
      <Filter>Source Files\Concepts\Quests\Personal</Filter>
    </ClCompile>
    <ClCompile Include="PersonalQuest.cpp">
      <Filter>Source Files\Concepts\Quests\Personal</Filter>
    </ClCompile>
    <ClCompile Include="Quest.cpp">
      <Filter>Source Files\Concepts\Quests</Filter>
    </ClCompile>
    <ClCompile Include="HuntingQuest.cpp">
      <Filter>Source Files\Concepts\Quests\Military</Filter>
    </ClCompile>
    <ClCompile Include="SecureQuest.cpp">
      <Filter>Source Files\Concepts\Quests\Military</Filter>
    </ClCompile>
    <ClCompile Include="MilitaryQuest.cpp">
      <Filter>Source Files\Concepts\Quests\Military</Filter>
    </ClCompile>
    <ClCompile Include="DevelopingQuest.cpp">
      <Filter>Source Files\Concepts\Quests\Developing</Filter>
    </ClCompile>
    <ClCompile Include="EscortingQuest.cpp">
      <Filter>Source Files\Concepts\Quests\Developing</Filter>
    </ClCompile>
    <ClCompile Include="GatheringQuest.cpp">
      <Filter>Source Files\Concepts\Quests\Developing</Filter>
    </ClCompile>
    <ClCompile Include="Squad.cpp">
      <Filter>Source Files\Concepts</Filter>
    </ClCompile>
    <ClCompile Include="Client.cpp">
      <Filter>Source Files\AI\Misc</Filter>
    </ClCompile>
    <ClCompile Include="Leader.cpp">
      <Filter>Source Files\AI\Leaders</Filter>
    </ClCompile>
    <ClCompile Include="MobLeader.cpp">
      <Filter>Source Files\AI\Leaders</Filter>
    </ClCompile>
    <ClCompile Include="SecOfficer.cpp">
      <Filter>Source Files\AI\Leaders</Filter>
    </ClCompile>
    <ClCompile Include="SecTroop.cpp">
      <Filter>Source Files\AI\Goons</Filter>
    </ClCompile>
    <ClCompile Include="MobGoon.cpp">
      <Filter>Source Files\AI\Goons</Filter>
    </ClCompile>
    <ClCompile Include="BaseSystemHandler.cpp">
      <Filter>Source Files</Filter>
    </ClCompile>
  </ItemGroup>
  <ItemGroup>
    <None Include="data\bluntWeapons.csv">
      <Filter>Resource Files\Names\weapons</Filter>
    </None>
    <None Include="data\explosiveWeapons.csv">
      <Filter>Resource Files\Names\weapons</Filter>
    </None>
    <None Include="data\pierceWeapons.csv">
      <Filter>Resource Files\Names\weapons</Filter>
    </None>
    <None Include="data\rangedWeapons.csv">
      <Filter>Resource Files\Names\weapons</Filter>
    </None>
    <None Include="data\femaleNames.csv">
      <Filter>Resource Files\Names\humans</Filter>
    </None>
    <None Include="data\maleNames.csv">
      <Filter>Resource Files\Names\humans</Filter>
    </None>
    <None Include="data\surNames.csv">
      <Filter>Resource Files\Names\humans</Filter>
    </None>
    <None Include="data\lowCapRooms.csv">
      <Filter>Resource Files\Names\rooms</Filter>
    </None>
    <None Include="data\secRanks.csv">
      <Filter>Resource Files\Names\Ranks</Filter>
    </None>
    <None Include="data\previousJobs.csv">
      <Filter>Resource Files\Names\Ranks</Filter>
    </None>
    <None Include="data\militiaNouns.csv">
      <Filter>Resource Files\Names\Ranks</Filter>
    </None>
    <None Include="data\militiaVerbs.csv">
      <Filter>Resource Files\Names\Ranks</Filter>
    </None>
    <None Include="data\medCapLowPrioRooms.csv">
      <Filter>Resource Files\Names\rooms</Filter>
    </None>
    <None Include="data\streetNamesLast.csv">
      <Filter>Resource Files\Names\rooms</Filter>
    </None>
    <None Include="data\streetNamesFirst.csv">
      <Filter>Resource Files\Names\rooms</Filter>
    </None>
    <None Include="data\battleNouns.csv">
      <Filter>Resource Files\Names\Battles</Filter>
    </None>
    <None Include="data\battlePrepositions.csv">
      <Filter>Resource Files\Names\Battles</Filter>
    </None>
    <None Include="data\nightlifeWords.csv">
      <Filter>Resource Files\Names\rooms</Filter>
    </None>
    <None Include="data\nerdWords.csv">
      <Filter>Resource Files\Names\rooms</Filter>
    </None>
    <None Include="data\asianWords.csv">
      <Filter>Resource Files\Names\rooms</Filter>
    </None>
    <None Include="data\medCapLowPrioType.csv">
      <Filter>Resource Files\Names\rooms</Filter>
    </None>
    <None Include="data\alphabet.csv">
      <Filter>Resource Files\Names\Company</Filter>
    </None>
    <None Include="data\corporationFirst.csv">
      <Filter>Resource Files\Names\Company</Filter>
    </None>
    <None Include="data\corporationLast.csv">
      <Filter>Resource Files\Names\Company</Filter>
    </None>
    <None Include="data\corporationSecond.csv">
      <Filter>Resource Files\Names\Company</Filter>
    </None>
    <None Include="data\wareHouseLasts.csv">
      <Filter>Resource Files\Names\rooms</Filter>
    </None>
    <None Include="data\dockLasts.csv">
      <Filter>Resource Files\Names\rooms</Filter>
    </None>
  </ItemGroup>
</Project>